
Microsoft Visual Studio Solution File, Format Version 12.00
# Visual Studio Version 17
VisualStudioVersion = 17.14.36623.8 d17.14
MinimumVisualStudioVersion = 10.0.40219.1
Project("{8BC9CEB8-8B4A-11D0-8D11-00A0C91BC942}") = "Q7-2", "Q7-2\Q7-2.vcxproj", "{53D461FB-BBF7-486B-A7AA-C4DB5970A3DC}"
EndProject
Global
	GlobalSection(SolutionConfigurationPlatforms) = preSolution
		Debug|x64 = Debug|x64
		Debug|x86 = Debug|x86
		Release|x64 = Release|x64
		Release|x86 = Release|x86
	EndGlobalSection
	GlobalSection(ProjectConfigurationPlatforms) = postSolution
		{53D461FB-BBF7-486B-A7AA-C4DB5970A3DC}.Debug|x64.ActiveCfg = Debug|x64
		{53D461FB-BBF7-486B-A7AA-C4DB5970A3DC}.Debug|x64.Build.0 = Debug|x64
		{53D461FB-BBF7-486B-A7AA-C4DB5970A3DC}.Debug|x86.ActiveCfg = Debug|Win32
		{53D461FB-BBF7-486B-A7AA-C4DB5970A3DC}.Debug|x86.Build.0 = Debug|Win32
		{53D461FB-BBF7-486B-A7AA-C4DB5970A3DC}.Release|x64.ActiveCfg = Release|x64
		{53D461FB-BBF7-486B-A7AA-C4DB5970A3DC}.Release|x64.Build.0 = Release|x64
		{53D461FB-BBF7-486B-A7AA-C4DB5970A3DC}.Release|x86.ActiveCfg = Release|Win32
		{53D461FB-BBF7-486B-A7AA-C4DB5970A3DC}.Release|x86.Build.0 = Release|Win32
	EndGlobalSection
	GlobalSection(SolutionProperties) = preSolution
		HideSolutionNode = FALSE
	EndGlobalSection
	GlobalSection(ExtensibilityGlobals) = postSolution
		SolutionGuid = {A1D0C1B6-2116-45CA-8D1D-054DB9149F01}
	EndGlobalSection
EndGlobal
